
Microsoft Visual Studio Solution File, Format Version 12.00
# Visual Studio 14
VisualStudioVersion = 14.0.24720.0
MinimumVisualStudioVersion = 10.0.40219.1
Project("{FAE04EC0-301F-11D3-BF4B-00C04F79EFBC}") = "UvTestRunner", "UvTestRunner\UvTestRunner.csproj", "{33387D85-EDA6-45A2-8E72-5E17E7A80453}"
EndProject
Project("{FAE04EC0-301F-11D3-BF4B-00C04F79EFBC}") = "UvTestRunnerClient", "UvTestRunnerClient\UvTestRunnerClient.csproj", "{B8AE9615-2077-4A1F-A71F-D36B4BAAF4B5}"
EndProject
Project("{FAE04EC0-301F-11D3-BF4B-00C04F79EFBC}") = "UvTestViewer", "UvTestViewer\UvTestViewer.csproj", "{2E5B7535-40A0-4685-8E50-28E7B9A79E03}"
EndProject
Project("{FAE04EC0-301F-11D3-BF4B-00C04F79EFBC}") = "UvBuildStatus", "UvBuildStatus\UvBuildStatus.csproj", "{EEB1B485-08C2-4DBE-AB4C-49FA45843BFE}"
EndProject
Project("{FAE04EC0-301F-11D3-BF4B-00C04F79EFBC}") = "BambooClient", "BambooClient\BambooClient.csproj", "{18EE4F69-D2D8-4E9C-B29B-AD6F321C1C16}"
EndProject
Project("{FAE04EC0-301F-11D3-BF4B-00C04F79EFBC}") = "MakeTemplate", "MakeTemplate\MakeTemplate.csproj", "{CB929035-8FE6-403A-B9AC-4C1A35077586}"
EndProject
Global
	GlobalSection(SolutionConfigurationPlatforms) = preSolution
		Debug|Any CPU = Debug|Any CPU
		Release|Any CPU = Release|Any CPU
	EndGlobalSection
	GlobalSection(ProjectConfigurationPlatforms) = postSolution
		{33387D85-EDA6-45A2-8E72-5E17E7A80453}.Debug|Any CPU.ActiveCfg = Debug|Any CPU
		{33387D85-EDA6-45A2-8E72-5E17E7A80453}.Debug|Any CPU.Build.0 = Debug|Any CPU
		{33387D85-EDA6-45A2-8E72-5E17E7A80453}.Release|Any CPU.ActiveCfg = Release|Any CPU
		{33387D85-EDA6-45A2-8E72-5E17E7A80453}.Release|Any CPU.Build.0 = Release|Any CPU
		{B8AE9615-2077-4A1F-A71F-D36B4BAAF4B5}.Debug|Any CPU.ActiveCfg = Debug|Any CPU
		{B8AE9615-2077-4A1F-A71F-D36B4BAAF4B5}.Debug|Any CPU.Build.0 = Debug|Any CPU
		{B8AE9615-2077-4A1F-A71F-D36B4BAAF4B5}.Release|Any CPU.ActiveCfg = Release|Any CPU
		{B8AE9615-2077-4A1F-A71F-D36B4BAAF4B5}.Release|Any CPU.Build.0 = Release|Any CPU
		{2E5B7535-40A0-4685-8E50-28E7B9A79E03}.Debug|Any CPU.ActiveCfg = Debug|Any CPU
		{2E5B7535-40A0-4685-8E50-28E7B9A79E03}.Debug|Any CPU.Build.0 = Debug|Any CPU
		{2E5B7535-40A0-4685-8E50-28E7B9A79E03}.Release|Any CPU.ActiveCfg = Release|Any CPU
		{2E5B7535-40A0-4685-8E50-28E7B9A79E03}.Release|Any CPU.Build.0 = Release|Any CPU
		{EEB1B485-08C2-4DBE-AB4C-49FA45843BFE}.Debug|Any CPU.ActiveCfg = Debug|Any CPU
		{EEB1B485-08C2-4DBE-AB4C-49FA45843BFE}.Debug|Any CPU.Build.0 = Debug|Any CPU
		{EEB1B485-08C2-4DBE-AB4C-49FA45843BFE}.Release|Any CPU.ActiveCfg = Release|Any CPU
		{EEB1B485-08C2-4DBE-AB4C-49FA45843BFE}.Release|Any CPU.Build.0 = Release|Any CPU
		{18EE4F69-D2D8-4E9C-B29B-AD6F321C1C16}.Debug|Any CPU.ActiveCfg = Debug|Any CPU
		{18EE4F69-D2D8-4E9C-B29B-AD6F321C1C16}.Debug|Any CPU.Build.0 = Debug|Any CPU
		{18EE4F69-D2D8-4E9C-B29B-AD6F321C1C16}.Release|Any CPU.ActiveCfg = Release|Any CPU
		{18EE4F69-D2D8-4E9C-B29B-AD6F321C1C16}.Release|Any CPU.Build.0 = Release|Any CPU
		{CB929035-8FE6-403A-B9AC-4C1A35077586}.Debug|Any CPU.ActiveCfg = Debug|Any CPU
		{CB929035-8FE6-403A-B9AC-4C1A35077586}.Debug|Any CPU.Build.0 = Debug|Any CPU
		{CB929035-8FE6-403A-B9AC-4C1A35077586}.Release|Any CPU.ActiveCfg = Release|Any CPU
		{CB929035-8FE6-403A-B9AC-4C1A35077586}.Release|Any CPU.Build.0 = Release|Any CPU
	EndGlobalSection
	GlobalSection(SolutionProperties) = preSolution
		HideSolutionNode = FALSE
	EndGlobalSection
EndGlobal
